
Microsoft Visual Studio Solution File, Format Version 12.00
# Visual Studio 15
VisualStudioVersion = 15.0.27004.2005
MinimumVisualStudioVersion = 10.0.40219.1
Project("{E53339B2-1760-4266-BCC7-CA923CBCF16C}") = "docker-compose", "docker-compose.dcproj", "{080D1C3F-1F3E-427B-967F-EEF47C3E012B}"
EndProject
Project("{9A19103F-16F7-4668-BE54-9A1E7A4F7556}") = "MoviesService", "MoviesService\MoviesService.csproj", "{D850F7C1-B1B0-4D23-BD91-6895C9CE8A15}"
EndProject
Project("{9A19103F-16F7-4668-BE54-9A1E7A4F7556}") = "WebMVC", "WebMVC\WebMVC.csproj", "{63462F04-9E74-4D2E-A4C7-9E9708184209}"
EndProject
Project("{9A19103F-16F7-4668-BE54-9A1E7A4F7556}") = "IdentityServer", "IdentityServer\IdentityServer.csproj", "{5BC13A78-BD70-440A-8283-737BF073E241}"
EndProject
Project("{9A19103F-16F7-4668-BE54-9A1E7A4F7556}") = "BasketService", "BasketService\BasketService.csproj", "{369DCDF2-A4C9-4C76-B8A9-C68F787DBBF5}"
EndProject
Global
	GlobalSection(SolutionConfigurationPlatforms) = preSolution
		Debug|Any CPU = Debug|Any CPU
		Release|Any CPU = Release|Any CPU
	EndGlobalSection
	GlobalSection(ProjectConfigurationPlatforms) = postSolution
		{080D1C3F-1F3E-427B-967F-EEF47C3E012B}.Debug|Any CPU.ActiveCfg = Debug|Any CPU
		{080D1C3F-1F3E-427B-967F-EEF47C3E012B}.Debug|Any CPU.Build.0 = Debug|Any CPU
		{080D1C3F-1F3E-427B-967F-EEF47C3E012B}.Release|Any CPU.ActiveCfg = Release|Any CPU
		{080D1C3F-1F3E-427B-967F-EEF47C3E012B}.Release|Any CPU.Build.0 = Release|Any CPU
		{D850F7C1-B1B0-4D23-BD91-6895C9CE8A15}.Debug|Any CPU.ActiveCfg = Debug|Any CPU
		{D850F7C1-B1B0-4D23-BD91-6895C9CE8A15}.Debug|Any CPU.Build.0 = Debug|Any CPU
		{D850F7C1-B1B0-4D23-BD91-6895C9CE8A15}.Release|Any CPU.ActiveCfg = Release|Any CPU
		{D850F7C1-B1B0-4D23-BD91-6895C9CE8A15}.Release|Any CPU.Build.0 = Release|Any CPU
		{63462F04-9E74-4D2E-A4C7-9E9708184209}.Debug|Any CPU.ActiveCfg = Debug|Any CPU
		{63462F04-9E74-4D2E-A4C7-9E9708184209}.Debug|Any CPU.Build.0 = Debug|Any CPU
		{63462F04-9E74-4D2E-A4C7-9E9708184209}.Release|Any CPU.ActiveCfg = Release|Any CPU
		{63462F04-9E74-4D2E-A4C7-9E9708184209}.Release|Any CPU.Build.0 = Release|Any CPU
		{5BC13A78-BD70-440A-8283-737BF073E241}.Debug|Any CPU.ActiveCfg = Debug|Any CPU
		{5BC13A78-BD70-440A-8283-737BF073E241}.Debug|Any CPU.Build.0 = Debug|Any CPU
		{5BC13A78-BD70-440A-8283-737BF073E241}.Release|Any CPU.ActiveCfg = Release|Any CPU
		{5BC13A78-BD70-440A-8283-737BF073E241}.Release|Any CPU.Build.0 = Release|Any CPU
		{369DCDF2-A4C9-4C76-B8A9-C68F787DBBF5}.Debug|Any CPU.ActiveCfg = Debug|Any CPU
		{369DCDF2-A4C9-4C76-B8A9-C68F787DBBF5}.Debug|Any CPU.Build.0 = Debug|Any CPU
		{369DCDF2-A4C9-4C76-B8A9-C68F787DBBF5}.Release|Any CPU.ActiveCfg = Release|Any CPU
		{369DCDF2-A4C9-4C76-B8A9-C68F787DBBF5}.Release|Any CPU.Build.0 = Release|Any CPU
	EndGlobalSection
	GlobalSection(SolutionProperties) = preSolution
		HideSolutionNode = FALSE
	EndGlobalSection
	GlobalSection(ExtensibilityGlobals) = postSolution
		SolutionGuid = {2403B4F6-2AE6-4EC6-A776-9A15443E3618}
	EndGlobalSection
EndGlobal
